// !$*UTF8*$!
{
	archiveVersion = 1;
	classes = {
	};
	objectVersion = 50;
	objects = {

/* Begin PBXBuildFile section */
		E71FF52022B6777100A7EC3C /* AppDelegate.swift in Sources */ = {isa = PBXBuildFile; fileRef = E71FF51F22B6777100A7EC3C /* AppDelegate.swift */; };
		E71FF52222B6777100A7EC3C /* SceneDelegate.swift in Sources */ = {isa = PBXBuildFile; fileRef = E71FF52122B6777100A7EC3C /* SceneDelegate.swift */; };
		E71FF52422B6777100A7EC3C /* ContentView.swift in Sources */ = {isa = PBXBuildFile; fileRef = E71FF52322B6777100A7EC3C /* ContentView.swift */; };
		E71FF52622B6777300A7EC3C /* Assets.xcassets in Resources */ = {isa = PBXBuildFile; fileRef = E71FF52522B6777300A7EC3C /* Assets.xcassets */; };
		E71FF52922B6777300A7EC3C /* Preview Assets.xcassets in Resources */ = {isa = PBXBuildFile; fileRef = E71FF52822B6777300A7EC3C /* Preview Assets.xcassets */; };
		E71FF52C22B6777300A7EC3C /* LaunchScreen.storyboard in Resources */ = {isa = PBXBuildFile; fileRef = E71FF52A22B6777300A7EC3C /* LaunchScreen.storyboard */; };
		E71FF53722B6777300A7EC3C /* SwiftUIRangeSeekSliderTests.swift in Sources */ = {isa = PBXBuildFile; fileRef = E71FF53622B6777300A7EC3C /* SwiftUIRangeSeekSliderTests.swift */; };
		E71FF54222B6777300A7EC3C /* SwiftUIRangeSeekSliderUITests.swift in Sources */ = {isa = PBXBuildFile; fileRef = E71FF54122B6777300A7EC3C /* SwiftUIRangeSeekSliderUITests.swift */; };
/* End PBXBuildFile section */

/* Begin PBXContainerItemProxy section */
		E71FF53322B6777300A7EC3C /* PBXContainerItemProxy */ = {
			isa = PBXContainerItemProxy;
			containerPortal = E71FF51422B6777100A7EC3C /* Project object */;
			proxyType = 1;
			remoteGlobalIDString = E71FF51B22B6777100A7EC3C;
			remoteInfo = SwiftUIRangeSeekSlider;
		};
		E71FF53E22B6777300A7EC3C /* PBXContainerItemProxy */ = {
			isa = PBXContainerItemProxy;
			containerPortal = E71FF51422B6777100A7EC3C /* Project object */;
			proxyType = 1;
			remoteGlobalIDString = E71FF51B22B6777100A7EC3C;
			remoteInfo = SwiftUIRangeSeekSlider;
		};
/* End PBXContainerItemProxy section */

/* Begin PBXFileReference section */
		E71FF51C22B6777100A7EC3C /* SwiftUIRangeSeekSlider.app */ = {isa = PBXFileReference; explicitFileType = wrapper.application; includeInIndex = 0; path = SwiftUIRangeSeekSlider.app; sourceTree = BUILT_PRODUCTS_DIR; };
		E71FF51F22B6777100A7EC3C /* AppDelegate.swift */ = {isa = PBXFileReference; lastKnownFileType = sourcecode.swift; path = AppDelegate.swift; sourceTree = "<group>"; };
		E71FF52122B6777100A7EC3C /* SceneDelegate.swift */ = {isa = PBXFileReference; lastKnownFileType = sourcecode.swift; path = SceneDelegate.swift; sourceTree = "<group>"; };
		E71FF52322B6777100A7EC3C /* ContentView.swift */ = {isa = PBXFileReference; lastKnownFileType = sourcecode.swift; path = ContentView.swift; sourceTree = "<group>"; };
		E71FF52522B6777300A7EC3C /* Assets.xcassets */ = {isa = PBXFileReference; lastKnownFileType = folder.assetcatalog; path = Assets.xcassets; sourceTree = "<group>"; };
		E71FF52822B6777300A7EC3C /* Preview Assets.xcassets */ = {isa = PBXFileReference; lastKnownFileType = folder.assetcatalog; path = "Preview Assets.xcassets"; sourceTree = "<group>"; };
		E71FF52B22B6777300A7EC3C /* Base */ = {isa = PBXFileReference; lastKnownFileType = file.storyboard; name = Base; path = Base.lproj/LaunchScreen.storyboard; sourceTree = "<group>"; };
		E71FF52D22B6777300A7EC3C /* Info.plist */ = {isa = PBXFileReference; lastKnownFileType = text.plist.xml; path = Info.plist; sourceTree = "<group>"; };
		E71FF53222B6777300A7EC3C /* SwiftUIRangeSeekSliderTests.xctest */ = {isa = PBXFileReference; explicitFileType = wrapper.cfbundle; includeInIndex = 0; path = SwiftUIRangeSeekSliderTests.xctest; sourceTree = BUILT_PRODUCTS_DIR; };
		E71FF53622B6777300A7EC3C /* SwiftUIRangeSeekSliderTests.swift */ = {isa = PBXFileReference; lastKnownFileType = sourcecode.swift; path = SwiftUIRangeSeekSliderTests.swift; sourceTree = "<group>"; };
		E71FF53822B6777300A7EC3C /* Info.plist */ = {isa = PBXFileReference; lastKnownFileType = text.plist.xml; path = Info.plist; sourceTree = "<group>"; };
		E71FF53D22B6777300A7EC3C /* SwiftUIRangeSeekSliderUITests.xctest */ = {isa = PBXFileReference; explicitFileType = wrapper.cfbundle; includeInIndex = 0; path = SwiftUIRangeSeekSliderUITests.xctest; sourceTree = BUILT_PRODUCTS_DIR; };
		E71FF54122B6777300A7EC3C /* SwiftUIRangeSeekSliderUITests.swift */ = {isa = PBXFileReference; lastKnownFileType = sourcecode.swift; path = SwiftUIRangeSeekSliderUITests.swift; sourceTree = "<group>"; };
		E71FF54322B6777300A7EC3C /* Info.plist */ = {isa = PBXFileReference; lastKnownFileType = text.plist.xml; path = Info.plist; sourceTree = "<group>"; };
/* End PBXFileReference section */

/* Begin PBXFrameworksBuildPhase section */
		E71FF51922B6777100A7EC3C /* Frameworks */ = {
			isa = PBXFrameworksBuildPhase;
			buildActionMask = 2147483647;
			files = (
			);
			runOnlyForDeploymentPostprocessing = 0;
		};
		E71FF52F22B6777300A7EC3C /* Frameworks */ = {
			isa = PBXFrameworksBuildPhase;
			buildActionMask = 2147483647;
			files = (
			);
			runOnlyForDeploymentPostprocessing = 0;
		};
		E71FF53A22B6777300A7EC3C /* Frameworks */ = {
			isa = PBXFrameworksBuildPhase;
			buildActionMask = 2147483647;
			files = (
			);
			runOnlyForDeploymentPostprocessing = 0;
		};
/* End PBXFrameworksBuildPhase section */

/* Begin PBXGroup section */
		E71FF51322B6777100A7EC3C = {
			isa = PBXGroup;
			children = (
				E71FF51E22B6777100A7EC3C /* SwiftUIRangeSeekSlider */,
				E71FF53522B6777300A7EC3C /* SwiftUIRangeSeekSliderTests */,
				E71FF54022B6777300A7EC3C /* SwiftUIRangeSeekSliderUITests */,
				E71FF51D22B6777100A7EC3C /* Products */,
			);
			sourceTree = "<group>";
		};
		E71FF51D22B6777100A7EC3C /* Products */ = {
			isa = PBXGroup;
			children = (
				E71FF51C22B6777100A7EC3C /* SwiftUIRangeSeekSlider.app */,
				E71FF53222B6777300A7EC3C /* SwiftUIRangeSeekSliderTests.xctest */,
				E71FF53D22B6777300A7EC3C /* SwiftUIRangeSeekSliderUITests.xctest */,
			);
			name = Products;
			sourceTree = "<group>";
		};
		E71FF51E22B6777100A7EC3C /* SwiftUIRangeSeekSlider */ = {
			isa = PBXGroup;
			children = (
				E71FF51F22B6777100A7EC3C /* AppDelegate.swift */,
				E71FF52122B6777100A7EC3C /* SceneDelegate.swift */,
				E71FF52322B6777100A7EC3C /* ContentView.swift */,
				E71FF52522B6777300A7EC3C /* Assets.xcassets */,
				E71FF52A22B6777300A7EC3C /* LaunchScreen.storyboard */,
				E71FF52D22B6777300A7EC3C /* Info.plist */,
				E71FF52722B6777300A7EC3C /* Preview Content */,
			);
			path = SwiftUIRangeSeekSlider;
			sourceTree = "<group>";
		};
		E71FF52722B6777300A7EC3C /* Preview Content */ = {
			isa = PBXGroup;
			children = (
				E71FF52822B6777300A7EC3C /* Preview Assets.xcassets */,
			);
			path = "Preview Content";
			sourceTree = "<group>";
		};
		E71FF53522B6777300A7EC3C /* SwiftUIRangeSeekSliderTests */ = {
			isa = PBXGroup;
			children = (
				E71FF53622B6777300A7EC3C /* SwiftUIRangeSeekSliderTests.swift */,
				E71FF53822B6777300A7EC3C /* Info.plist */,
			);
			path = SwiftUIRangeSeekSliderTests;
			sourceTree = "<group>";
		};
		E71FF54022B6777300A7EC3C /* SwiftUIRangeSeekSliderUITests */ = {
			isa = PBXGroup;
			children = (
				E71FF54122B6777300A7EC3C /* SwiftUIRangeSeekSliderUITests.swift */,
				E71FF54322B6777300A7EC3C /* Info.plist */,
			);
			path = SwiftUIRangeSeekSliderUITests;
			sourceTree = "<group>";
		};
/* End PBXGroup section */

/* Begin PBXNativeTarget section */
		E71FF51B22B6777100A7EC3C /* SwiftUIRangeSeekSlider */ = {
			isa = PBXNativeTarget;
			buildConfigurationList = E71FF54622B6777300A7EC3C /* Build configuration list for PBXNativeTarget "SwiftUIRangeSeekSlider" */;
			buildPhases = (
				E71FF51822B6777100A7EC3C /* Sources */,
				E71FF51922B6777100A7EC3C /* Frameworks */,
				E71FF51A22B6777100A7EC3C /* Resources */,
			);
			buildRules = (
			);
			dependencies = (
			);
			name = SwiftUIRangeSeekSlider;
			productName = SwiftUIRangeSeekSlider;
			productReference = E71FF51C22B6777100A7EC3C /* SwiftUIRangeSeekSlider.app */;
			productType = "com.apple.product-type.application";
		};
		E71FF53122B6777300A7EC3C /* SwiftUIRangeSeekSliderTests */ = {
			isa = PBXNativeTarget;
			buildConfigurationList = E71FF54922B6777300A7EC3C /* Build configuration list for PBXNativeTarget "SwiftUIRangeSeekSliderTests" */;
			buildPhases = (
				E71FF52E22B6777300A7EC3C /* Sources */,
				E71FF52F22B6777300A7EC3C /* Frameworks */,
				E71FF53022B6777300A7EC3C /* Resources */,
			);
			buildRules = (
			);
			dependencies = (
				E71FF53422B6777300A7EC3C /* PBXTargetDependency */,
			);
			name = SwiftUIRangeSeekSliderTests;
			productName = SwiftUIRangeSeekSliderTests;
			productReference = E71FF53222B6777300A7EC3C /* SwiftUIRangeSeekSliderTests.xctest */;
			productType = "com.apple.product-type.bundle.unit-test";
		};
		E71FF53C22B6777300A7EC3C /* SwiftUIRangeSeekSliderUITests */ = {
			isa = PBXNativeTarget;
			buildConfigurationList = E71FF54C22B6777300A7EC3C /* Build configuration list for PBXNativeTarget "SwiftUIRangeSeekSliderUITests" */;
			buildPhases = (
				E71FF53922B6777300A7EC3C /* Sources */,
				E71FF53A22B6777300A7EC3C /* Frameworks */,
				E71FF53B22B6777300A7EC3C /* Resources */,
			);
			buildRules = (
			);
			dependencies = (
				E71FF53F22B6777300A7EC3C /* PBXTargetDependency */,
			);
			name = SwiftUIRangeSeekSliderUITests;
			productName = SwiftUIRangeSeekSliderUITests;
			productReference = E71FF53D22B6777300A7EC3C /* SwiftUIRangeSeekSliderUITests.xctest */;
			productType = "com.apple.product-type.bundle.ui-testing";
		};
/* End PBXNativeTarget section */

/* Begin PBXProject section */
		E71FF51422B6777100A7EC3C /* Project object */ = {
			isa = PBXProject;
			attributes = {
				LastSwiftUpdateCheck = 1100;
				LastUpgradeCheck = 1100;
				ORGANIZATIONNAME = "Veronica Ray";
				TargetAttributes = {
					E71FF51B22B6777100A7EC3C = {
						CreatedOnToolsVersion = 11.0;
					};
					E71FF53122B6777300A7EC3C = {
						CreatedOnToolsVersion = 11.0;
						TestTargetID = E71FF51B22B6777100A7EC3C;
					};
					E71FF53C22B6777300A7EC3C = {
						CreatedOnToolsVersion = 11.0;
						TestTargetID = E71FF51B22B6777100A7EC3C;
					};
				};
			};
			buildConfigurationList = E71FF51722B6777100A7EC3C /* Build configuration list for PBXProject "SwiftUIRangeSeekSlider" */;
			compatibilityVersion = "Xcode 9.3";
			developmentRegion = en;
			hasScannedForEncodings = 0;
			knownRegions = (
				en,
				Base,
			);
			mainGroup = E71FF51322B6777100A7EC3C;
			productRefGroup = E71FF51D22B6777100A7EC3C /* Products */;
			projectDirPath = "";
			projectRoot = "";
			targets = (
				E71FF51B22B6777100A7EC3C /* SwiftUIRangeSeekSlider */,
				E71FF53122B6777300A7EC3C /* SwiftUIRangeSeekSliderTests */,
				E71FF53C22B6777300A7EC3C /* SwiftUIRangeSeekSliderUITests */,
			);
		};
/* End PBXProject section */

/* Begin PBXResourcesBuildPhase section */
		E71FF51A22B6777100A7EC3C /* Resources */ = {
			isa = PBXResourcesBuildPhase;
			buildActionMask = 2147483647;
			files = (
				E71FF52C22B6777300A7EC3C /* LaunchScreen.storyboard in Resources */,
				E71FF52922B6777300A7EC3C /* Preview Assets.xcassets in Resources */,
				E71FF52622B6777300A7EC3C /* Assets.xcassets in Resources */,
			);
			runOnlyForDeploymentPostprocessing = 0;
		};
		E71FF53022B6777300A7EC3C /* Resources */ = {
			isa = PBXResourcesBuildPhase;
			buildActionMask = 2147483647;
			files = (
			);
			runOnlyForDeploymentPostprocessing = 0;
		};
		E71FF53B22B6777300A7EC3C /* Resources */ = {
			isa = PBXResourcesBuildPhase;
			buildActionMask = 2147483647;
			files = (
			);
			runOnlyForDeploymentPostprocessing = 0;
		};
/* End PBXResourcesBuildPhase section */

/* Begin PBXSourcesBuildPhase section */
		E71FF51822B6777100A7EC3C /* Sources */ = {
			isa = PBXSourcesBuildPhase;
			buildActionMask = 2147483647;
			files = (
				E71FF52022B6777100A7EC3C /* AppDelegate.swift in Sources */,
				E71FF52222B6777100A7EC3C /* SceneDelegate.swift in Sources */,
				E71FF52422B6777100A7EC3C /* ContentView.swift in Sources */,
			);
			runOnlyForDeploymentPostprocessing = 0;
		};
		E71FF52E22B6777300A7EC3C /* Sources */ = {
			isa = PBXSourcesBuildPhase;
			buildActionMask = 2147483647;
			files = (
				E71FF53722B6777300A7EC3C /* SwiftUIRangeSeekSliderTests.swift in Sources */,
			);
			runOnlyForDeploymentPostprocessing = 0;
		};
		E71FF53922B6777300A7EC3C /* Sources */ = {
			isa = PBXSourcesBuildPhase;
			buildActionMask = 2147483647;
			files = (
				E71FF54222B6777300A7EC3C /* SwiftUIRangeSeekSliderUITests.swift in Sources */,
			);
			runOnlyForDeploymentPostprocessing = 0;
		};
/* End PBXSourcesBuildPhase section */

/* Begin PBXTargetDependency section */
		E71FF53422B6777300A7EC3C /* PBXTargetDependency */ = {
			isa = PBXTargetDependency;
			target = E71FF51B22B6777100A7EC3C /* SwiftUIRangeSeekSlider */;
			targetProxy = E71FF53322B6777300A7EC3C /* PBXContainerItemProxy */;
		};
		E71FF53F22B6777300A7EC3C /* PBXTargetDependency */ = {
			isa = PBXTargetDependency;
			target = E71FF51B22B6777100A7EC3C /* SwiftUIRangeSeekSlider */;
			targetProxy = E71FF53E22B6777300A7EC3C /* PBXContainerItemProxy */;
		};
/* End PBXTargetDependency section */

/* Begin PBXVariantGroup section */
		E71FF52A22B6777300A7EC3C /* LaunchScreen.storyboard */ = {
			isa = PBXVariantGroup;
			children = (
				E71FF52B22B6777300A7EC3C /* Base */,
			);
			name = LaunchScreen.storyboard;
			sourceTree = "<group>";
		};
/* End PBXVariantGroup section */

/* Begin XCBuildConfiguration section */
		E71FF54422B6777300A7EC3C /* Debug */ = {
			isa = XCBuildConfiguration;
			buildSettings = {
				ALWAYS_SEARCH_USER_PATHS = NO;
				CLANG_ANALYZER_NONNULL = YES;
				CLANG_ANALYZER_NUMBER_OBJECT_CONVERSION = YES_AGGRESSIVE;
				CLANG_CXX_LANGUAGE_STANDARD = "gnu++14";
				CLANG_CXX_LIBRARY = "libc++";
				CLANG_ENABLE_MODULES = YES;
				CLANG_ENABLE_OBJC_ARC = YES;
				CLANG_ENABLE_OBJC_WEAK = YES;
				CLANG_WARN_BLOCK_CAPTURE_AUTORELEASING = YES;
				CLANG_WARN_BOOL_CONVERSION = YES;
				CLANG_WARN_COMMA = YES;
				CLANG_WARN_CONSTANT_CONVERSION = YES;
				CLANG_WARN_DEPRECATED_OBJC_IMPLEMENTATIONS = YES;
				CLANG_WARN_DIRECT_OBJC_ISA_USAGE = YES_ERROR;
				CLANG_WARN_DOCUMENTATION_COMMENTS = YES;
				CLANG_WARN_EMPTY_BODY = YES;
				CLANG_WARN_ENUM_CONVERSION = YES;
				CLANG_WARN_INFINITE_RECURSION = YES;
				CLANG_WARN_INT_CONVERSION = YES;
				CLANG_WARN_NON_LITERAL_NULL_CONVERSION = YES;
				CLANG_WARN_OBJC_IMPLICIT_RETAIN_SELF = YES;
				CLANG_WARN_OBJC_LITERAL_CONVERSION = YES;
				CLANG_WARN_OBJC_ROOT_CLASS = YES_ERROR;
				CLANG_WARN_RANGE_LOOP_ANALYSIS = YES;
				CLANG_WARN_STRICT_PROTOTYPES = YES;
				CLANG_WARN_SUSPICIOUS_MOVE = YES;
				CLANG_WARN_UNGUARDED_AVAILABILITY = YES_AGGRESSIVE;
				CLANG_WARN_UNREACHABLE_CODE = YES;
				CLANG_WARN__DUPLICATE_METHOD_MATCH = YES;
				COPY_PHASE_STRIP = NO;
				DEBUG_INFORMATION_FORMAT = dwarf;
				ENABLE_STRICT_OBJC_MSGSEND = YES;
				ENABLE_TESTABILITY = YES;
				GCC_C_LANGUAGE_STANDARD = gnu11;
				GCC_DYNAMIC_NO_PIC = NO;
				GCC_NO_COMMON_BLOCKS = YES;
				GCC_OPTIMIZATION_LEVEL = 0;
				GCC_PREPROCESSOR_DEFINITIONS = (
					"DEBUG=1",
					"$(inherited)",
				);
				GCC_WARN_64_TO_32_BIT_CONVERSION = YES;
				GCC_WARN_ABOUT_RETURN_TYPE = YES_ERROR;
				GCC_WARN_UNDECLARED_SELECTOR = YES;
				GCC_WARN_UNINITIALIZED_AUTOS = YES_AGGRESSIVE;
				GCC_WARN_UNUSED_FUNCTION = YES;
				GCC_WARN_UNUSED_VARIABLE = YES;
				IPHONEOS_DEPLOYMENT_TARGET = 13.0;
				MTL_ENABLE_DEBUG_INFO = INCLUDE_SOURCE;
				MTL_FAST_MATH = YES;
				ONLY_ACTIVE_ARCH = YES;
				SDKROOT = iphoneos;
				SWIFT_ACTIVE_COMPILATION_CONDITIONS = DEBUG;
				SWIFT_OPTIMIZATION_LEVEL = "-Onone";
			};
			name = Debug;
		};
		E71FF54522B6777300A7EC3C /* Release */ = {
			isa = XCBuildConfiguration;
			buildSettings = {
				ALWAYS_SEARCH_USER_PATHS = NO;
				CLANG_ANALYZER_NONNULL = YES;
				CLANG_ANALYZER_NUMBER_OBJECT_CONVERSION = YES_AGGRESSIVE;
				CLANG_CXX_LANGUAGE_STANDARD = "gnu++14";
				CLANG_CXX_LIBRARY = "libc++";
				CLANG_ENABLE_MODULES = YES;
				CLANG_ENABLE_OBJC_ARC = YES;
				CLANG_ENABLE_OBJC_WEAK = YES;
				CLANG_WARN_BLOCK_CAPTURE_AUTORELEASING = YES;
				CLANG_WARN_BOOL_CONVERSION = YES;
				CLANG_WARN_COMMA = YES;
				CLANG_WARN_CONSTANT_CONVERSION = YES;
				CLANG_WARN_DEPRECATED_OBJC_IMPLEMENTATIONS = YES;
				CLANG_WARN_DIRECT_OBJC_ISA_USAGE = YES_ERROR;
				CLANG_WARN_DOCUMENTATION_COMMENTS = YES;
				CLANG_WARN_EMPTY_BODY = YES;
				CLANG_WARN_ENUM_CONVERSION = YES;
				CLANG_WARN_INFINITE_RECURSION = YES;
				CLANG_WARN_INT_CONVERSION = YES;
				CLANG_WARN_NON_LITERAL_NULL_CONVERSION = YES;
				CLANG_WARN_OBJC_IMPLICIT_RETAIN_SELF = YES;
				CLANG_WARN_OBJC_LITERAL_CONVERSION = YES;
				CLANG_WARN_OBJC_ROOT_CLASS = YES_ERROR;
				CLANG_WARN_RANGE_LOOP_ANALYSIS = YES;
				CLANG_WARN_STRICT_PROTOTYPES = YES;
				CLANG_WARN_SUSPICIOUS_MOVE = YES;
				CLANG_WARN_UNGUARDED_AVAILABILITY = YES_AGGRESSIVE;
				CLANG_WARN_UNREACHABLE_CODE = YES;
				CLANG_WARN__DUPLICATE_METHOD_MATCH = YES;
				COPY_PHASE_STRIP = NO;
				DEBUG_INFORMATION_FORMAT = "dwarf-with-dsym";
				ENABLE_NS_ASSERTIONS = NO;
				ENABLE_STRICT_OBJC_MSGSEND = YES;
				GCC_C_LANGUAGE_STANDARD = gnu11;
				GCC_NO_COMMON_BLOCKS = YES;
				GCC_WARN_64_TO_32_BIT_CONVERSION = YES;
				GCC_WARN_ABOUT_RETURN_TYPE = YES_ERROR;
				GCC_WARN_UNDECLARED_SELECTOR = YES;
				GCC_WARN_UNINITIALIZED_AUTOS = YES_AGGRESSIVE;
				GCC_WARN_UNUSED_FUNCTION = YES;
				GCC_WARN_UNUSED_VARIABLE = YES;
				IPHONEOS_DEPLOYMENT_TARGET = 13.0;
				MTL_ENABLE_DEBUG_INFO = NO;
				MTL_FAST_MATH = YES;
				SDKROOT = iphoneos;
				SWIFT_COMPILATION_MODE = wholemodule;
				SWIFT_OPTIMIZATION_LEVEL = "-O";
				VALIDATE_PRODUCT = YES;
			};
			name = Release;
		};
		E71FF54722B6777300A7EC3C /* Debug */ = {
			isa = XCBuildConfiguration;
			buildSettings = {
				ASSETCATALOG_COMPILER_APPICON_NAME = AppIcon;
				CODE_SIGN_STYLE = Automatic;
				DEVELOPMENT_ASSET_PATHS = "SwiftUIRangeSeekSlider/Preview\\ Content";
				DEVELOPMENT_TEAM = XVV47YYU62;
				ENABLE_PREVIEWS = YES;
				INFOPLIST_FILE = SwiftUIRangeSeekSlider/Info.plist;
				LD_RUNPATH_SEARCH_PATHS = (
					"$(inherited)",
					"@executable_path/Frameworks",
				);
				PRODUCT_BUNDLE_IDENTIFIER = veronicaray.SwiftUIRangeSeekSlider;
				PRODUCT_NAME = "$(TARGET_NAME)";
				SWIFT_VERSION = 5.0;
				TARGETED_DEVICE_FAMILY = "1,2";
			};
			name = Debug;
		};
		E71FF54822B6777300A7EC3C /* Release */ = {
			isa = XCBuildConfiguration;
			buildSettings = {
				ASSETCATALOG_COMPILER_APPICON_NAME = AppIcon;
				CODE_SIGN_STYLE = Automatic;
				DEVELOPMENT_ASSET_PATHS = "SwiftUIRangeSeekSlider/Preview\\ Content";
				DEVELOPMENT_TEAM = XVV47YYU62;
				ENABLE_PREVIEWS = YES;
				INFOPLIST_FILE = SwiftUIRangeSeekSlider/Info.plist;
				LD_RUNPATH_SEARCH_PATHS = (
					"$(inherited)",
					"@executable_path/Frameworks",
				);
				PRODUCT_BUNDLE_IDENTIFIER = veronicaray.SwiftUIRangeSeekSlider;
				PRODUCT_NAME = "$(TARGET_NAME)";
				SWIFT_VERSION = 5.0;
				TARGETED_DEVICE_FAMILY = "1,2";
			};
			name = Release;
		};
		E71FF54A22B6777300A7EC3C /* Debug */ = {
			isa = XCBuildConfiguration;
			buildSettings = {
				ALWAYS_EMBED_SWIFT_STANDARD_LIBRARIES = YES;
				BUNDLE_LOADER = "$(TEST_HOST)";
				CODE_SIGN_STYLE = Automatic;
				DEVELOPMENT_TEAM = XVV47YYU62;
				INFOPLIST_FILE = SwiftUIRangeSeekSliderTests/Info.plist;
				LD_RUNPATH_SEARCH_PATHS = (
					"$(inherited)",
					"@executable_path/Frameworks",
					"@loader_path/Frameworks",
				);
				PRODUCT_BUNDLE_IDENTIFIER = veronicaray.SwiftUIRangeSeekSliderTests;
				PRODUCT_NAME = "$(TARGET_NAME)";
				SWIFT_VERSION = 5.0;
				TARGETED_DEVICE_FAMILY = "1,2";
				TEST_HOST = "$(BUILT_PRODUCTS_DIR)/SwiftUIRangeSeekSlider.app/SwiftUIRangeSeekSlider";
			};
			name = Debug;
		};
		E71FF54B22B6777300A7EC3C /* Release */ = {
			isa = XCBuildConfiguration;
			buildSettings = {
				ALWAYS_EMBED_SWIFT_STANDARD_LIBRARIES = YES;
				BUNDLE_LOADER = "$(TEST_HOST)";
				CODE_SIGN_STYLE = Automatic;
				DEVELOPMENT_TEAM = XVV47YYU62;
				INFOPLIST_FILE = SwiftUIRangeSeekSliderTests/Info.plist;
				LD_RUNPATH_SEARCH_PATHS = (
					"$(inherited)",
					"@executable_path/Frameworks",
					"@loader_path/Frameworks",
				);
				PRODUCT_BUNDLE_IDENTIFIER = veronicaray.SwiftUIRangeSeekSliderTests;
				PRODUCT_NAME = "$(TARGET_NAME)";
				SWIFT_VERSION = 5.0;
				TARGETED_DEVICE_FAMILY = "1,2";
				TEST_HOST = "$(BUILT_PRODUCTS_DIR)/SwiftUIRangeSeekSlider.app/SwiftUIRangeSeekSlider";
			};
			name = Release;
		};
		E71FF54D22B6777300A7EC3C /* Debug */ = {
			isa = XCBuildConfiguration;
			buildSettings = {
				ALWAYS_EMBED_SWIFT_STANDARD_LIBRARIES = YES;
				CODE_SIGN_STYLE = Automatic;
				DEVELOPMENT_TEAM = XVV47YYU62;
				INFOPLIST_FILE = SwiftUIRangeSeekSliderUITests/Info.plist;
				LD_RUNPATH_SEARCH_PATHS = (
					"$(inherited)",
					"@executable_path/Frameworks",
					"@loader_path/Frameworks",
				);
				PRODUCT_BUNDLE_IDENTIFIER = veronicaray.SwiftUIRangeSeekSliderUITests;
				PRODUCT_NAME = "$(TARGET_NAME)";
				SWIFT_VERSION = 5.0;
				TARGETED_DEVICE_FAMILY = "1,2";
				TEST_TARGET_NAME = SwiftUIRangeSeekSlider;
			};
			name = Debug;
		};
		E71FF54E22B6777300A7EC3C /* Release */ = {
			isa = XCBuildConfiguration;
			buildSettings = {
				ALWAYS_EMBED_SWIFT_STANDARD_LIBRARIES = YES;
				CODE_SIGN_STYLE = Automatic;
				DEVELOPMENT_TEAM = XVV47YYU62;
				INFOPLIST_FILE = SwiftUIRangeSeekSliderUITests/Info.plist;
				LD_RUNPATH_SEARCH_PATHS = (
					"$(inherited)",
					"@executable_path/Frameworks",
					"@loader_path/Frameworks",
				);
				PRODUCT_BUNDLE_IDENTIFIER = veronicaray.SwiftUIRangeSeekSliderUITests;
				PRODUCT_NAME = "$(TARGET_NAME)";
				SWIFT_VERSION = 5.0;
				TARGETED_DEVICE_FAMILY = "1,2";
				TEST_TARGET_NAME = SwiftUIRangeSeekSlider;
			};
			name = Release;
		};
/* End XCBuildConfiguration section */

/* Begin XCConfigurationList section */
		E71FF51722B6777100A7EC3C /* Build configuration list for PBXProject "SwiftUIRangeSeekSlider" */ = {
			isa = XCConfigurationList;
			buildConfigurations = (
				E71FF54422B6777300A7EC3C /* Debug */,
				E71FF54522B6777300A7EC3C /* Release */,
			);
			defaultConfigurationIsVisible = 0;
			defaultConfigurationName = Release;
		};
		E71FF54622B6777300A7EC3C /* Build configuration list for PBXNativeTarget "SwiftUIRangeSeekSlider" */ = {
			isa = XCConfigurationList;
			buildConfigurations = (
				E71FF54722B6777300A7EC3C /* Debug */,
				E71FF54822B6777300A7EC3C /* Release */,
			);
			defaultConfigurationIsVisible = 0;
			defaultConfigurationName = Release;
		};
		E71FF54922B6777300A7EC3C /* Build configuration list for PBXNativeTarget "SwiftUIRangeSeekSliderTests" */ = {
			isa = XCConfigurationList;
			buildConfigurations = (
				E71FF54A22B6777300A7EC3C /* Debug */,
				E71FF54B22B6777300A7EC3C /* Release */,
			);
			defaultConfigurationIsVisible = 0;
			defaultConfigurationName = Release;
		};
		E71FF54C22B6777300A7EC3C /* Build configuration list for PBXNativeTarget "SwiftUIRangeSeekSliderUITests" */ = {
			isa = XCConfigurationList;
			buildConfigurations = (
				E71FF54D22B6777300A7EC3C /* Debug */,
				E71FF54E22B6777300A7EC3C /* Release */,
			);
			defaultConfigurationIsVisible = 0;
			defaultConfigurationName = Release;
		};
/* End XCConfigurationList section */
	};
	rootObject = E71FF51422B6777100A7EC3C /* Project object */;
}
